// !$*UTF8*$!
{
	archiveVersion = 1;
	classes = {
	};
	objectVersion = 48;
	objects = {

/* Begin PBXBuildFile section */
		611926101F9D01AA0020C370 /* AppDelegate.swift in Sources */ = {isa = PBXBuildFile; fileRef = 6119260F1F9D01AA0020C370 /* AppDelegate.swift */; };
		611926121F9D01AA0020C370 /* ViewController.swift in Sources */ = {isa = PBXBuildFile; fileRef = 611926111F9D01AA0020C370 /* ViewController.swift */; };
		611926151F9D01AA0020C370 /* Main.storyboard in Resources */ = {isa = PBXBuildFile; fileRef = 611926131F9D01AA0020C370 /* Main.storyboard */; };
		611926171F9D01AA0020C370 /* Assets.xcassets in Resources */ = {isa = PBXBuildFile; fileRef = 611926161F9D01AA0020C370 /* Assets.xcassets */; };
		6119261A1F9D01AA0020C370 /* LaunchScreen.storyboard in Resources */ = {isa = PBXBuildFile; fileRef = 611926181F9D01AA0020C370 /* LaunchScreen.storyboard */; };
		611926251F9D01AA0020C370 /* ColorsTests.swift in Sources */ = {isa = PBXBuildFile; fileRef = 611926241F9D01AA0020C370 /* ColorsTests.swift */; };
		611926301F9D01AA0020C370 /* ColorsUITests.swift in Sources */ = {isa = PBXBuildFile; fileRef = 6119262F1F9D01AA0020C370 /* ColorsUITests.swift */; };
/* End PBXBuildFile section */

/* Begin PBXContainerItemProxy section */
		611926211F9D01AA0020C370 /* PBXContainerItemProxy */ = {
			isa = PBXContainerItemProxy;
			containerPortal = 611926041F9D01AA0020C370 /* Project object */;
			proxyType = 1;
			remoteGlobalIDString = 6119260B1F9D01AA0020C370;
			remoteInfo = Colors;
		};
		6119262C1F9D01AA0020C370 /* PBXContainerItemProxy */ = {
			isa = PBXContainerItemProxy;
			containerPortal = 611926041F9D01AA0020C370 /* Project object */;
			proxyType = 1;
			remoteGlobalIDString = 6119260B1F9D01AA0020C370;
			remoteInfo = Colors;
		};
/* End PBXContainerItemProxy section */

/* Begin PBXFileReference section */
		6119260C1F9D01AA0020C370 /* Colors.app */ = {isa = PBXFileReference; explicitFileType = wrapper.application; includeInIndex = 0; path = Colors.app; sourceTree = BUILT_PRODUCTS_DIR; };
		6119260F1F9D01AA0020C370 /* AppDelegate.swift */ = {isa = PBXFileReference; lastKnownFileType = sourcecode.swift; path = AppDelegate.swift; sourceTree = "<group>"; };
		611926111F9D01AA0020C370 /* ViewController.swift */ = {isa = PBXFileReference; lastKnownFileType = sourcecode.swift; path = ViewController.swift; sourceTree = "<group>"; };
		611926141F9D01AA0020C370 /* Base */ = {isa = PBXFileReference; lastKnownFileType = file.storyboard; name = Base; path = Base.lproj/Main.storyboard; sourceTree = "<group>"; };
		611926161F9D01AA0020C370 /* Assets.xcassets */ = {isa = PBXFileReference; lastKnownFileType = folder.assetcatalog; path = Assets.xcassets; sourceTree = "<group>"; };
		611926191F9D01AA0020C370 /* Base */ = {isa = PBXFileReference; lastKnownFileType = file.storyboard; name = Base; path = Base.lproj/LaunchScreen.storyboard; sourceTree = "<group>"; };
		6119261B1F9D01AA0020C370 /* Info.plist */ = {isa = PBXFileReference; lastKnownFileType = text.plist.xml; path = Info.plist; sourceTree = "<group>"; };
		611926201F9D01AA0020C370 /* ColorsTests.xctest */ = {isa = PBXFileReference; explicitFileType = wrapper.cfbundle; includeInIndex = 0; path = ColorsTests.xctest; sourceTree = BUILT_PRODUCTS_DIR; };
		611926241F9D01AA0020C370 /* ColorsTests.swift */ = {isa = PBXFileReference; lastKnownFileType = sourcecode.swift; path = ColorsTests.swift; sourceTree = "<group>"; };
		611926261F9D01AA0020C370 /* Info.plist */ = {isa = PBXFileReference; lastKnownFileType = text.plist.xml; path = Info.plist; sourceTree = "<group>"; };
		6119262B1F9D01AA0020C370 /* ColorsUITests.xctest */ = {isa = PBXFileReference; explicitFileType = wrapper.cfbundle; includeInIndex = 0; path = ColorsUITests.xctest; sourceTree = BUILT_PRODUCTS_DIR; };
		6119262F1F9D01AA0020C370 /* ColorsUITests.swift */ = {isa = PBXFileReference; lastKnownFileType = sourcecode.swift; path = ColorsUITests.swift; sourceTree = "<group>"; };
		611926311F9D01AA0020C370 /* Info.plist */ = {isa = PBXFileReference; lastKnownFileType = text.plist.xml; path = Info.plist; sourceTree = "<group>"; };
/* End PBXFileReference section */

/* Begin PBXFrameworksBuildPhase section */
		611926091F9D01AA0020C370 /* Frameworks */ = {
			isa = PBXFrameworksBuildPhase;
			buildActionMask = 2147483647;
			files = (
			);
			runOnlyForDeploymentPostprocessing = 0;
		};
		6119261D1F9D01AA0020C370 /* Frameworks */ = {
			isa = PBXFrameworksBuildPhase;
			buildActionMask = 2147483647;
			files = (
			);
			runOnlyForDeploymentPostprocessing = 0;
		};
		611926281F9D01AA0020C370 /* Frameworks */ = {
			isa = PBXFrameworksBuildPhase;
			buildActionMask = 2147483647;
			files = (
			);
			runOnlyForDeploymentPostprocessing = 0;
		};
/* End PBXFrameworksBuildPhase section */

/* Begin PBXGroup section */
		611926031F9D01AA0020C370 = {
			isa = PBXGroup;
			children = (
				6119260E1F9D01AA0020C370 /* Colors */,
				611926231F9D01AA0020C370 /* ColorsTests */,
				6119262E1F9D01AA0020C370 /* ColorsUITests */,
				6119260D1F9D01AA0020C370 /* Products */,
			);
			sourceTree = "<group>";
		};
		6119260D1F9D01AA0020C370 /* Products */ = {
			isa = PBXGroup;
			children = (
				6119260C1F9D01AA0020C370 /* Colors.app */,
				611926201F9D01AA0020C370 /* ColorsTests.xctest */,
				6119262B1F9D01AA0020C370 /* ColorsUITests.xctest */,
			);
			name = Products;
			sourceTree = "<group>";
		};
		6119260E1F9D01AA0020C370 /* Colors */ = {
			isa = PBXGroup;
			children = (
				6119260F1F9D01AA0020C370 /* AppDelegate.swift */,
				611926111F9D01AA0020C370 /* ViewController.swift */,
				611926131F9D01AA0020C370 /* Main.storyboard */,
				611926161F9D01AA0020C370 /* Assets.xcassets */,
				611926181F9D01AA0020C370 /* LaunchScreen.storyboard */,
				6119261B1F9D01AA0020C370 /* Info.plist */,
			);
			path = Colors;
			sourceTree = "<group>";
		};
		611926231F9D01AA0020C370 /* ColorsTests */ = {
			isa = PBXGroup;
			children = (
				611926241F9D01AA0020C370 /* ColorsTests.swift */,
				611926261F9D01AA0020C370 /* Info.plist */,
			);
			path = ColorsTests;
			sourceTree = "<group>";
		};
		6119262E1F9D01AA0020C370 /* ColorsUITests */ = {
			isa = PBXGroup;
			children = (
				6119262F1F9D01AA0020C370 /* ColorsUITests.swift */,
				611926311F9D01AA0020C370 /* Info.plist */,
			);
			path = ColorsUITests;
			sourceTree = "<group>";
		};
/* End PBXGroup section */

/* Begin PBXNativeTarget section */
		6119260B1F9D01AA0020C370 /* Colors */ = {
			isa = PBXNativeTarget;
			buildConfigurationList = 611926341F9D01AA0020C370 /* Build configuration list for PBXNativeTarget "Colors" */;
			buildPhases = (
				611926081F9D01AA0020C370 /* Sources */,
				611926091F9D01AA0020C370 /* Frameworks */,
				6119260A1F9D01AA0020C370 /* Resources */,
			);
			buildRules = (
			);
			dependencies = (
			);
			name = Colors;
			productName = Colors;
			productReference = 6119260C1F9D01AA0020C370 /* Colors.app */;
			productType = "com.apple.product-type.application";
		};
		6119261F1F9D01AA0020C370 /* ColorsTests */ = {
			isa = PBXNativeTarget;
			buildConfigurationList = 611926371F9D01AA0020C370 /* Build configuration list for PBXNativeTarget "ColorsTests" */;
			buildPhases = (
				6119261C1F9D01AA0020C370 /* Sources */,
				6119261D1F9D01AA0020C370 /* Frameworks */,
				6119261E1F9D01AA0020C370 /* Resources */,
			);
			buildRules = (
			);
			dependencies = (
				611926221F9D01AA0020C370 /* PBXTargetDependency */,
			);
			name = ColorsTests;
			productName = ColorsTests;
			productReference = 611926201F9D01AA0020C370 /* ColorsTests.xctest */;
			productType = "com.apple.product-type.bundle.unit-test";
		};
		6119262A1F9D01AA0020C370 /* ColorsUITests */ = {
			isa = PBXNativeTarget;
			buildConfigurationList = 6119263A1F9D01AA0020C370 /* Build configuration list for PBXNativeTarget "ColorsUITests" */;
			buildPhases = (
				611926271F9D01AA0020C370 /* Sources */,
				611926281F9D01AA0020C370 /* Frameworks */,
				611926291F9D01AA0020C370 /* Resources */,
			);
			buildRules = (
			);
			dependencies = (
				6119262D1F9D01AA0020C370 /* PBXTargetDependency */,
			);
			name = ColorsUITests;
			productName = ColorsUITests;
			productReference = 6119262B1F9D01AA0020C370 /* ColorsUITests.xctest */;
			productType = "com.apple.product-type.bundle.ui-testing";
		};
/* End PBXNativeTarget section */

/* Begin PBXProject section */
		611926041F9D01AA0020C370 /* Project object */ = {
			isa = PBXProject;
			attributes = {
				LastSwiftUpdateCheck = 0900;
				LastUpgradeCheck = 0900;
				ORGANIZATIONNAME = "Chandler, Jackson C. (MU-Student)";
				TargetAttributes = {
					6119260B1F9D01AA0020C370 = {
						CreatedOnToolsVersion = 9.0;
						ProvisioningStyle = Automatic;
					};
					6119261F1F9D01AA0020C370 = {
						CreatedOnToolsVersion = 9.0;
						ProvisioningStyle = Automatic;
						TestTargetID = 6119260B1F9D01AA0020C370;
					};
					6119262A1F9D01AA0020C370 = {
						CreatedOnToolsVersion = 9.0;
						ProvisioningStyle = Automatic;
						TestTargetID = 6119260B1F9D01AA0020C370;
					};
				};
			};
			buildConfigurationList = 611926071F9D01AA0020C370 /* Build configuration list for PBXProject "Colors" */;
			compatibilityVersion = "Xcode 8.0";
			developmentRegion = en;
			hasScannedForEncodings = 0;
			knownRegions = (
				en,
				Base,
			);
			mainGroup = 611926031F9D01AA0020C370;
			productRefGroup = 6119260D1F9D01AA0020C370 /* Products */;
			projectDirPath = "";
			projectRoot = "";
			targets = (
				6119260B1F9D01AA0020C370 /* Colors */,
				6119261F1F9D01AA0020C370 /* ColorsTests */,
				6119262A1F9D01AA0020C370 /* ColorsUITests */,
			);
		};
/* End PBXProject section */

/* Begin PBXResourcesBuildPhase section */
		6119260A1F9D01AA0020C370 /* Resources */ = {
			isa = PBXResourcesBuildPhase;
			buildActionMask = 2147483647;
			files = (
				6119261A1F9D01AA0020C370 /* LaunchScreen.storyboard in Resources */,
				611926171F9D01AA0020C370 /* Assets.xcassets in Resources */,
				611926151F9D01AA0020C370 /* Main.storyboard in Resources */,
			);
			runOnlyForDeploymentPostprocessing = 0;
		};
		6119261E1F9D01AA0020C370 /* Resources */ = {
			isa = PBXResourcesBuildPhase;
			buildActionMask = 2147483647;
			files = (
			);
			runOnlyForDeploymentPostprocessing = 0;
		};
		611926291F9D01AA0020C370 /* Resources */ = {
			isa = PBXResourcesBuildPhase;
			buildActionMask = 2147483647;
			files = (
			);
			runOnlyForDeploymentPostprocessing = 0;
		};
/* End PBXResourcesBuildPhase section */

/* Begin PBXSourcesBuildPhase section */
		611926081F9D01AA0020C370 /* Sources */ = {
			isa = PBXSourcesBuildPhase;
			buildActionMask = 2147483647;
			files = (
				611926121F9D01AA0020C370 /* ViewController.swift in Sources */,
				611926101F9D01AA0020C370 /* AppDelegate.swift in Sources */,
			);
			runOnlyForDeploymentPostprocessing = 0;
		};
		6119261C1F9D01AA0020C370 /* Sources */ = {
			isa = PBXSourcesBuildPhase;
			buildActionMask = 2147483647;
			files = (
				611926251F9D01AA0020C370 /* ColorsTests.swift in Sources */,
			);
			runOnlyForDeploymentPostprocessing = 0;
		};
		611926271F9D01AA0020C370 /* Sources */ = {
			isa = PBXSourcesBuildPhase;
			buildActionMask = 2147483647;
			files = (
				611926301F9D01AA0020C370 /* ColorsUITests.swift in Sources */,
			);
			runOnlyForDeploymentPostprocessing = 0;
		};
/* End PBXSourcesBuildPhase section */

/* Begin PBXTargetDependency section */
		611926221F9D01AA0020C370 /* PBXTargetDependency */ = {
			isa = PBXTargetDependency;
			target = 6119260B1F9D01AA0020C370 /* Colors */;
			targetProxy = 611926211F9D01AA0020C370 /* PBXContainerItemProxy */;
		};
		6119262D1F9D01AA0020C370 /* PBXTargetDependency */ = {
			isa = PBXTargetDependency;
			target = 6119260B1F9D01AA0020C370 /* Colors */;
			targetProxy = 6119262C1F9D01AA0020C370 /* PBXContainerItemProxy */;
		};
/* End PBXTargetDependency section */

/* Begin PBXVariantGroup section */
		611926131F9D01AA0020C370 /* Main.storyboard */ = {
			isa = PBXVariantGroup;
			children = (
				611926141F9D01AA0020C370 /* Base */,
			);
			name = Main.storyboard;
			sourceTree = "<group>";
		};
		611926181F9D01AA0020C370 /* LaunchScreen.storyboard */ = {
			isa = PBXVariantGroup;
			children = (
				611926191F9D01AA0020C370 /* Base */,
			);
			name = LaunchScreen.storyboard;
			sourceTree = "<group>";
		};
/* End PBXVariantGroup section */

/* Begin XCBuildConfiguration section */
		611926321F9D01AA0020C370 /* Debug */ = {
			isa = XCBuildConfiguration;
			buildSettings = {
				ALWAYS_SEARCH_USER_PATHS = NO;
				CLANG_ANALYZER_NONNULL = YES;
				CLANG_ANALYZER_NUMBER_OBJECT_CONVERSION = YES_AGGRESSIVE;
				CLANG_CXX_LANGUAGE_STANDARD = "gnu++14";
				CLANG_CXX_LIBRARY = "libc++";
				CLANG_ENABLE_MODULES = YES;
				CLANG_ENABLE_OBJC_ARC = YES;
				CLANG_WARN_BLOCK_CAPTURE_AUTORELEASING = YES;
				CLANG_WARN_BOOL_CONVERSION = YES;
				CLANG_WARN_COMMA = YES;
				CLANG_WARN_CONSTANT_CONVERSION = YES;
				CLANG_WARN_DIRECT_OBJC_ISA_USAGE = YES_ERROR;
				CLANG_WARN_DOCUMENTATION_COMMENTS = YES;
				CLANG_WARN_EMPTY_BODY = YES;
				CLANG_WARN_ENUM_CONVERSION = YES;
				CLANG_WARN_INFINITE_RECURSION = YES;
				CLANG_WARN_INT_CONVERSION = YES;
				CLANG_WARN_NON_LITERAL_NULL_CONVERSION = YES;
				CLANG_WARN_OBJC_LITERAL_CONVERSION = YES;
				CLANG_WARN_OBJC_ROOT_CLASS = YES_ERROR;
				CLANG_WARN_RANGE_LOOP_ANALYSIS = YES;
				CLANG_WARN_STRICT_PROTOTYPES = YES;
				CLANG_WARN_SUSPICIOUS_MOVE = YES;
				CLANG_WARN_UNGUARDED_AVAILABILITY = YES_AGGRESSIVE;
				CLANG_WARN_UNREACHABLE_CODE = YES;
				CLANG_WARN__DUPLICATE_METHOD_MATCH = YES;
				CODE_SIGN_IDENTITY = "iPhone Developer";
				COPY_PHASE_STRIP = NO;
				DEBUG_INFORMATION_FORMAT = dwarf;
				ENABLE_STRICT_OBJC_MSGSEND = YES;
				ENABLE_TESTABILITY = YES;
				GCC_C_LANGUAGE_STANDARD = gnu11;
				GCC_DYNAMIC_NO_PIC = NO;
				GCC_NO_COMMON_BLOCKS = YES;
				GCC_OPTIMIZATION_LEVEL = 0;
				GCC_PREPROCESSOR_DEFINITIONS = (
					"DEBUG=1",
					"$(inherited)",
				);
				GCC_WARN_64_TO_32_BIT_CONVERSION = YES;
				GCC_WARN_ABOUT_RETURN_TYPE = YES_ERROR;
				GCC_WARN_UNDECLARED_SELECTOR = YES;
				GCC_WARN_UNINITIALIZED_AUTOS = YES_AGGRESSIVE;
				GCC_WARN_UNUSED_FUNCTION = YES;
				GCC_WARN_UNUSED_VARIABLE = YES;
				IPHONEOS_DEPLOYMENT_TARGET = 11.0;
				MTL_ENABLE_DEBUG_INFO = YES;
				ONLY_ACTIVE_ARCH = YES;
				SDKROOT = iphoneos;
				SWIFT_ACTIVE_COMPILATION_CONDITIONS = DEBUG;
				SWIFT_OPTIMIZATION_LEVEL = "-Onone";
			};
			name = Debug;
		};
		611926331F9D01AA0020C370 /* Release */ = {
			isa = XCBuildConfiguration;
			buildSettings = {
				ALWAYS_SEARCH_USER_PATHS = NO;
				CLANG_ANALYZER_NONNULL = YES;
				CLANG_ANALYZER_NUMBER_OBJECT_CONVERSION = YES_AGGRESSIVE;
				CLANG_CXX_LANGUAGE_STANDARD = "gnu++14";
				CLANG_CXX_LIBRARY = "libc++";
				CLANG_ENABLE_MODULES = YES;
				CLANG_ENABLE_OBJC_ARC = YES;
				CLANG_WARN_BLOCK_CAPTURE_AUTORELEASING = YES;
				CLANG_WARN_BOOL_CONVERSION = YES;
				CLANG_WARN_COMMA = YES;
				CLANG_WARN_CONSTANT_CONVERSION = YES;
				CLANG_WARN_DIRECT_OBJC_ISA_USAGE = YES_ERROR;
				CLANG_WARN_DOCUMENTATION_COMMENTS = YES;
				CLANG_WARN_EMPTY_BODY = YES;
				CLANG_WARN_ENUM_CONVERSION = YES;
				CLANG_WARN_INFINITE_RECURSION = YES;
				CLANG_WARN_INT_CONVERSION = YES;
				CLANG_WARN_NON_LITERAL_NULL_CONVERSION = YES;
				CLANG_WARN_OBJC_LITERAL_CONVERSION = YES;
				CLANG_WARN_OBJC_ROOT_CLASS = YES_ERROR;
				CLANG_WARN_RANGE_LOOP_ANALYSIS = YES;
				CLANG_WARN_STRICT_PROTOTYPES = YES;
				CLANG_WARN_SUSPICIOUS_MOVE = YES;
				CLANG_WARN_UNGUARDED_AVAILABILITY = YES_AGGRESSIVE;
				CLANG_WARN_UNREACHABLE_CODE = YES;
				CLANG_WARN__DUPLICATE_METHOD_MATCH = YES;
				CODE_SIGN_IDENTITY = "iPhone Developer";
				COPY_PHASE_STRIP = NO;
				DEBUG_INFORMATION_FORMAT = "dwarf-with-dsym";
				ENABLE_NS_ASSERTIONS = NO;
				ENABLE_STRICT_OBJC_MSGSEND = YES;
				GCC_C_LANGUAGE_STANDARD = gnu11;
				GCC_NO_COMMON_BLOCKS = YES;
				GCC_WARN_64_TO_32_BIT_CONVERSION = YES;
				GCC_WARN_ABOUT_RETURN_TYPE = YES_ERROR;
				GCC_WARN_UNDECLARED_SELECTOR = YES;
				GCC_WARN_UNINITIALIZED_AUTOS = YES_AGGRESSIVE;
				GCC_WARN_UNUSED_FUNCTION = YES;
				GCC_WARN_UNUSED_VARIABLE = YES;
				IPHONEOS_DEPLOYMENT_TARGET = 11.0;
				MTL_ENABLE_DEBUG_INFO = NO;
				SDKROOT = iphoneos;
				SWIFT_OPTIMIZATION_LEVEL = "-Owholemodule";
				VALIDATE_PRODUCT = YES;
			};
			name = Release;
		};
		611926351F9D01AA0020C370 /* Debug */ = {
			isa = XCBuildConfiguration;
			buildSettings = {
				ASSETCATALOG_COMPILER_APPICON_NAME = AppIcon;
				CODE_SIGN_STYLE = Automatic;
				INFOPLIST_FILE = Colors/Info.plist;
				LD_RUNPATH_SEARCH_PATHS = "$(inherited) @executable_path/Frameworks";
				PRODUCT_BUNDLE_IDENTIFIER = Jccyb4.Colors;
				PRODUCT_NAME = "$(TARGET_NAME)";
				SWIFT_VERSION = 4.0;
				TARGETED_DEVICE_FAMILY = "1,2";
			};
			name = Debug;
		};
		611926361F9D01AA0020C370 /* Release */ = {
			isa = XCBuildConfiguration;
			buildSettings = {
				ASSETCATALOG_COMPILER_APPICON_NAME = AppIcon;
				CODE_SIGN_STYLE = Automatic;
				INFOPLIST_FILE = Colors/Info.plist;
				LD_RUNPATH_SEARCH_PATHS = "$(inherited) @executable_path/Frameworks";
				PRODUCT_BUNDLE_IDENTIFIER = Jccyb4.Colors;
				PRODUCT_NAME = "$(TARGET_NAME)";
				SWIFT_VERSION = 4.0;
				TARGETED_DEVICE_FAMILY = "1,2";
			};
			name = Release;
		};
		611926381F9D01AA0020C370 /* Debug */ = {
			isa = XCBuildConfiguration;
			buildSettings = {
				ALWAYS_EMBED_SWIFT_STANDARD_LIBRARIES = YES;
				BUNDLE_LOADER = "$(TEST_HOST)";
				CODE_SIGN_STYLE = Automatic;
				INFOPLIST_FILE = ColorsTests/Info.plist;
				LD_RUNPATH_SEARCH_PATHS = "$(inherited) @executable_path/Frameworks @loader_path/Frameworks";
				PRODUCT_BUNDLE_IDENTIFIER = Jccyb4.ColorsTests;
				PRODUCT_NAME = "$(TARGET_NAME)";
				SWIFT_VERSION = 4.0;
				TARGETED_DEVICE_FAMILY = "1,2";
				TEST_HOST = "$(BUILT_PRODUCTS_DIR)/Colors.app/Colors";
			};
			name = Debug;
		};
		611926391F9D01AA0020C370 /* Release */ = {
			isa = XCBuildConfiguration;
			buildSettings = {
				ALWAYS_EMBED_SWIFT_STANDARD_LIBRARIES = YES;
				BUNDLE_LOADER = "$(TEST_HOST)";
				CODE_SIGN_STYLE = Automatic;
				INFOPLIST_FILE = ColorsTests/Info.plist;
				LD_RUNPATH_SEARCH_PATHS = "$(inherited) @executable_path/Frameworks @loader_path/Frameworks";
				PRODUCT_BUNDLE_IDENTIFIER = Jccyb4.ColorsTests;
				PRODUCT_NAME = "$(TARGET_NAME)";
				SWIFT_VERSION = 4.0;
				TARGETED_DEVICE_FAMILY = "1,2";
				TEST_HOST = "$(BUILT_PRODUCTS_DIR)/Colors.app/Colors";
			};
			name = Release;
		};
		6119263B1F9D01AA0020C370 /* Debug */ = {
			isa = XCBuildConfiguration;
			buildSettings = {
				ALWAYS_EMBED_SWIFT_STANDARD_LIBRARIES = YES;
				CODE_SIGN_STYLE = Automatic;
				INFOPLIST_FILE = ColorsUITests/Info.plist;
				LD_RUNPATH_SEARCH_PATHS = "$(inherited) @executable_path/Frameworks @loader_path/Frameworks";
				PRODUCT_BUNDLE_IDENTIFIER = Jccyb4.ColorsUITests;
				PRODUCT_NAME = "$(TARGET_NAME)";
				SWIFT_VERSION = 4.0;
				TARGETED_DEVICE_FAMILY = "1,2";
				TEST_TARGET_NAME = Colors;
			};
			name = Debug;
		};
		6119263C1F9D01AA0020C370 /* Release */ = {
			isa = XCBuildConfiguration;
			buildSettings = {
				ALWAYS_EMBED_SWIFT_STANDARD_LIBRARIES = YES;
				CODE_SIGN_STYLE = Automatic;
				INFOPLIST_FILE = ColorsUITests/Info.plist;
				LD_RUNPATH_SEARCH_PATHS = "$(inherited) @executable_path/Frameworks @loader_path/Frameworks";
				PRODUCT_BUNDLE_IDENTIFIER = Jccyb4.ColorsUITests;
				PRODUCT_NAME = "$(TARGET_NAME)";
				SWIFT_VERSION = 4.0;
				TARGETED_DEVICE_FAMILY = "1,2";
				TEST_TARGET_NAME = Colors;
			};
			name = Release;
		};
/* End XCBuildConfiguration section */

/* Begin XCConfigurationList section */
		611926071F9D01AA0020C370 /* Build configuration list for PBXProject "Colors" */ = {
			isa = XCConfigurationList;
			buildConfigurations = (
				611926321F9D01AA0020C370 /* Debug */,
				611926331F9D01AA0020C370 /* Release */,
			);
			defaultConfigurationIsVisible = 0;
			defaultConfigurationName = Release;
		};
		611926341F9D01AA0020C370 /* Build configuration list for PBXNativeTarget "Colors" */ = {
			isa = XCConfigurationList;
			buildConfigurations = (
				611926351F9D01AA0020C370 /* Debug */,
				611926361F9D01AA0020C370 /* Release */,
			);
			defaultConfigurationIsVisible = 0;
			defaultConfigurationName = Release;
		};
		611926371F9D01AA0020C370 /* Build configuration list for PBXNativeTarget "ColorsTests" */ = {
			isa = XCConfigurationList;
			buildConfigurations = (
				611926381F9D01AA0020C370 /* Debug */,
				611926391F9D01AA0020C370 /* Release */,
			);
			defaultConfigurationIsVisible = 0;
			defaultConfigurationName = Release;
		};
		6119263A1F9D01AA0020C370 /* Build configuration list for PBXNativeTarget "ColorsUITests" */ = {
			isa = XCConfigurationList;
			buildConfigurations = (
				6119263B1F9D01AA0020C370 /* Debug */,
				6119263C1F9D01AA0020C370 /* Release */,
			);
			defaultConfigurationIsVisible = 0;
			defaultConfigurationName = Release;
		};
/* End XCConfigurationList section */
	};
	rootObject = 611926041F9D01AA0020C370 /* Project object */;
}
